PODS:
  - AFNetworking (3.1.0):
    - AFNetworking/NSURLSession (= 3.1.0)
    - AFNetworking/Reachability (= 3.1.0)
    - AFNetworking/Security (= 3.1.0)
    - AFNetworking/Serialization (= 3.1.0)
    - AFNetworking/UIKit (= 3.1.0)
  - AFNetworking/NSURLSession (3.1.0):
    - AFNetworking/Reachability
    - AFNetworking/Security
    - AFNetworking/Serialization
  - AFNetworking/Reachability (3.1.0)
  - AFNetworking/Security (3.1.0)
  - AFNetworking/Serialization (3.1.0)
  - AFNetworking/UIKit (3.1.0):
    - AFNetworking/NSURLSession
  - DZNEmptyDataSet (1.8.1)
  - IQKeyboardManager (3.3.7)
  - Masonry (1.0.2)
  - MBProgressHUD (0.9.2)
  - MJRefresh (3.1.12)
  - MMPopupView (1.7.2):
    - Masonry
  - SDCycleScrollView (1.65):
    - SDWebImage (~> 3.7)
  - SDWebImage (3.8.2):
    - SDWebImage/Core (= 3.8.2)
  - SDWebImage/Core (3.8.2)

DEPENDENCIES:
  - AFNetworking (~> 3.1.0)
  - DZNEmptyDataSet (~> 1.8.1)
  - IQKeyboardManager (~> 3.3.7)
  - Masonry (~> 1.0.1)
  - MBProgressHUD (= 0.9.2)
  - MJRefresh (~> 3.1.12)
  - MMPopupView (~> 1.7.2)
  - SDCycleScrollView (~> 1.65)
  - SDWebImage (~> 3.8.1)

SPEC CHECKSUMS:
  AFNetworking: 5e0e199f73d8626b11e79750991f5d173d1f8b67
  DZNEmptyDataSet: 9525833b9e68ac21c30253e1d3d7076cc828eaa7
  IQKeyboardManager: 249c3946acf61345c18b038eb50863fe2793e3a8
  Masonry: 7c429b56da9d4ee0bbb3ed77a5ea710d6a5df39e
  MBProgressHUD: 1569cf7ace17a8bac47aabfbb8580a49690386d1
  MJRefresh: b96cdb21c4aa75a7b07654311ab2f315c497e806
  MMPopupView: fe1dd010824029dfb632fdf1a531db5dd5386020
  SDCycleScrollView: f72904c77698a7f93a41bcbbc2d78b073bf7326c
  SDWebImage: 098e97e6176540799c27e804c96653ee0833d13c

PODFILE CHECKSUM: 387169276c8079df0d5b6d03449565360c91da3c

COCOAPODS: 1.2.0
