// !$*UTF8*$!
{
	archiveVersion = 1;
	classes = {
	};
	objectVersion = 51;
	objects = {

/* Begin PBXBuildFile section */
		13E993EF44B579C5FD347B3A /* libPods-iOSVendors.a in Frameworks */ = {isa = PBXBuildFile; fileRef = B747ADBDA3F5916F4908ACB3 /* libPods-iOSVendors.a */; };
		8143A44C22589F1500F1A5B9 /* EJAppDelegate+APNs.m in Sources */ = {isa = PBXBuildFile; fileRef = 8143A44B22589F1500F1A5B9 /* EJAppDelegate+APNs.m */; };
		8143A44F2258A7D100F1A5B9 /* EJAPIConfig.m in Sources */ = {isa = PBXBuildFile; fileRef = 8143A44E2258A7D100F1A5B9 /* EJAPIConfig.m */; };
		8143A4522258EEB600F1A5B9 /* EJAppDelegate+ShortcutItems.m in Sources */ = {isa = PBXBuildFile; fileRef = 8143A4512258EEB600F1A5B9 /* EJAppDelegate+ShortcutItems.m */; };
		8143A4552258EEDF00F1A5B9 /* EJAppDelegate+SDK.m in Sources */ = {isa = PBXBuildFile; fileRef = 8143A4542258EEDF00F1A5B9 /* EJAppDelegate+SDK.m */; };
		81B65971225A30B600EFD9B2 /* UIView+Gradient.m in Sources */ = {isa = PBXBuildFile; fileRef = 81B65970225A30B600EFD9B2 /* UIView+Gradient.m */; };
		81B65974225A315500EFD9B2 /* UIImage+Gradient.m in Sources */ = {isa = PBXBuildFile; fileRef = 81B65973225A315500EFD9B2 /* UIImage+Gradient.m */; };
		81B65977225A323900EFD9B2 /* UIButton+ImageTitle.m in Sources */ = {isa = PBXBuildFile; fileRef = 81B65976225A323900EFD9B2 /* UIButton+ImageTitle.m */; };
		81B6597A225A32F400EFD9B2 /* UIButton+ExpendBounds.m in Sources */ = {isa = PBXBuildFile; fileRef = 81B65979225A32F400EFD9B2 /* UIButton+ExpendBounds.m */; };
		81B6597D225A341800EFD9B2 /* NSString+Security.m in Sources */ = {isa = PBXBuildFile; fileRef = 81B6597C225A341800EFD9B2 /* NSString+Security.m */; };
		81B65980225A35F800EFD9B2 /* NSTimer+Block.m in Sources */ = {isa = PBXBuildFile; fileRef = 81B6597F225A35F800EFD9B2 /* NSTimer+Block.m */; };
		81B65983225A365500EFD9B2 /* NSDate+Formatter.m in Sources */ = {isa = PBXBuildFile; fileRef = 81B65982225A365500EFD9B2 /* NSDate+Formatter.m */; };
		81B65986225A377A00EFD9B2 /* UIViewController+Aop.m in Sources */ = {isa = PBXBuildFile; fileRef = 81B65985225A377A00EFD9B2 /* UIViewController+Aop.m */; };
		81B65989225A389B00EFD9B2 /* NSString+Timestamp.m in Sources */ = {isa = PBXBuildFile; fileRef = 81B65988225A389B00EFD9B2 /* NSString+Timestamp.m */; };
		81B6598C225A394F00EFD9B2 /* NSString+Pinyin.m in Sources */ = {isa = PBXBuildFile; fileRef = 81B6598B225A394F00EFD9B2 /* NSString+Pinyin.m */; };
		9D19FAD61E74B66C77E2655D /* libPods-iOSVendorsUITests.a in Frameworks */ = {isa = PBXBuildFile; fileRef = BCB89124B0821E3912A57AD1 /* libPods-iOSVendorsUITests.a */; };
		BB86764931F8CCEFCD3DE5A1 /* libPods-iOSVendorsTests.a in Frameworks */ = {isa = PBXBuildFile; fileRef = 6A0B24CF1834EDFE210C7329 /* libPods-iOSVendorsTests.a */; };
		EF024A021EA0633600E97234 /* main.m in Sources */ = {isa = PBXBuildFile; fileRef = EF024A011EA0633600E97234 /* main.m */; };
		EF024A1B1EA0633600E97234 /* iOSVendorsTests.m in Sources */ = {isa = PBXBuildFile; fileRef = EF024A1A1EA0633600E97234 /* iOSVendorsTests.m */; };
		EF024A261EA0633600E97234 /* iOSVendorsUITests.m in Sources */ = {isa = PBXBuildFile; fileRef = EF024A251EA0633600E97234 /* iOSVendorsUITests.m */; };
		EF3021951EA0694100AB0881 /* Assets.xcassets in Resources */ = {isa = PBXBuildFile; fileRef = EF3021941EA0694100AB0881 /* Assets.xcassets */; };
		EF3021991EA0697100AB0881 /* EJAppDelegate.m in Sources */ = {isa = PBXBuildFile; fileRef = EF3021981EA0697100AB0881 /* EJAppDelegate.m */; };
		EF3021A01EA06C8A00AB0881 /* EJAPPConfig.m in Sources */ = {isa = PBXBuildFile; fileRef = EF30219F1EA06C8A00AB0881 /* EJAPPConfig.m */; };
		EF3021A31EA06DD200AB0881 /* EJEnum.m in Sources */ = {isa = PBXBuildFile; fileRef = EF3021A21EA06DD200AB0881 /* EJEnum.m */; };
		EF3021A71EA0715500AB0881 /* NSString+RegEx.m in Sources */ = {isa = PBXBuildFile; fileRef = EF3021A61EA0715500AB0881 /* NSString+RegEx.m */; };
		EF3021AD1EA079DA00AB0881 /* UIImage+Extension.m in Sources */ = {isa = PBXBuildFile; fileRef = EF3021AC1EA079DA00AB0881 /* UIImage+Extension.m */; };
		EF3021B01EA07B7400AB0881 /* UIView+Position.m in Sources */ = {isa = PBXBuildFile; fileRef = EF3021AF1EA07B7400AB0881 /* UIView+Position.m */; };
		EF3021B31EA07C2700AB0881 /* UIView+Corner.m in Sources */ = {isa = PBXBuildFile; fileRef = EF3021B21EA07C2700AB0881 /* UIView+Corner.m */; };
		EF3021B61EA07C9A00AB0881 /* JSON.m in Sources */ = {isa = PBXBuildFile; fileRef = EF3021B51EA07C9A00AB0881 /* JSON.m */; };
		EF3021BD1EA0928200AB0881 /* EJTabBarController.m in Sources */ = {isa = PBXBuildFile; fileRef = EF3021BC1EA0928200AB0881 /* EJTabBarController.m */; };
		EF3021C11EA0934400AB0881 /* EJVendorsViewController.m in Sources */ = {isa = PBXBuildFile; fileRef = EF3021C01EA0934400AB0881 /* EJVendorsViewController.m */; };
		EF3021C41EA0991800AB0881 /* EJGuideViewController.m in Sources */ = {isa = PBXBuildFile; fileRef = EF3021C31EA0991800AB0881 /* EJGuideViewController.m */; };
		EF3021C71EA0A26200AB0881 /* EJLoadingViewController.m in Sources */ = {isa = PBXBuildFile; fileRef = EF3021C61EA0A26200AB0881 /* EJLoadingViewController.m */; };
		EF3021CC1EA0BCDD00AB0881 /* EJHint.m in Sources */ = {isa = PBXBuildFile; fileRef = EF3021CB1EA0BCDD00AB0881 /* EJHint.m */; };
		EF3021CF1EA0BFB700AB0881 /* EJHUDViewController.m in Sources */ = {isa = PBXBuildFile; fileRef = EF3021CE1EA0BFB700AB0881 /* EJHUDViewController.m */; };
		EF3021D41EA0C22000AB0881 /* EJPicker.m in Sources */ = {isa = PBXBuildFile; fileRef = EF3021D31EA0C22000AB0881 /* EJPicker.m */; };
		EF3021D71EA0C2C600AB0881 /* EJDatePicker.m in Sources */ = {isa = PBXBuildFile; fileRef = EF3021D61EA0C2C600AB0881 /* EJDatePicker.m */; };
		EF3021DA1EA0C30B00AB0881 /* EJStringPicker.m in Sources */ = {isa = PBXBuildFile; fileRef = EF3021D91EA0C30B00AB0881 /* EJStringPicker.m */; };
		EF3021DD1EA0C37D00AB0881 /* EJCityPicker.m in Sources */ = {isa = PBXBuildFile; fileRef = EF3021DC1EA0C37D00AB0881 /* EJCityPicker.m */; };
		EF3021E01EA0C6DA00AB0881 /* EJPopupViewController.m in Sources */ = {isa = PBXBuildFile; fileRef = EF3021DF1EA0C6DA00AB0881 /* EJPopupViewController.m */; };
		EF4EAA051EA73584008B82A3 /* NSArray+EJNetworkingMethods.m in Sources */ = {isa = PBXBuildFile; fileRef = EF4EAA041EA73584008B82A3 /* NSArray+EJNetworkingMethods.m */; };
		EF4EAA081EA735CB008B82A3 /* NSDictionary+EJNetworkingMethods.m in Sources */ = {isa = PBXBuildFile; fileRef = EF4EAA071EA735CB008B82A3 /* NSDictionary+EJNetworkingMethods.m */; };
		EF4EAA0B1EA7361A008B82A3 /* NSURLRequest+EJNetworkingMethods.m in Sources */ = {isa = PBXBuildFile; fileRef = EF4EAA0A1EA7361A008B82A3 /* NSURLRequest+EJNetworkingMethods.m */; };
		EF4EAA0E1EA73666008B82A3 /* EJApiProxy.m in Sources */ = {isa = PBXBuildFile; fileRef = EF4EAA0D1EA73666008B82A3 /* EJApiProxy.m */; };
		EF4EAA141EA737EC008B82A3 /* MD5.m in Sources */ = {isa = PBXBuildFile; fileRef = EF4EAA131EA737EC008B82A3 /* MD5.m */; };
		EF4EAA171EA73833008B82A3 /* RSA.m in Sources */ = {isa = PBXBuildFile; fileRef = EF4EAA161EA73833008B82A3 /* RSA.m */; };
		EF4EAA1A1EA738A0008B82A3 /* EJBaseApiManager.m in Sources */ = {isa = PBXBuildFile; fileRef = EF4EAA191EA738A0008B82A3 /* EJBaseApiManager.m */; };
		EF4EAA1D1EA7390C008B82A3 /* EJCache.m in Sources */ = {isa = PBXBuildFile; fileRef = EF4EAA1C1EA7390C008B82A3 /* EJCache.m */; };
		EF4EAA201EA73954008B82A3 /* EJCacheObject.m in Sources */ = {isa = PBXBuildFile; fileRef = EF4EAA1F1EA73954008B82A3 /* EJCacheObject.m */; };
		EF4EAA231EA73987008B82A3 /* EJURLResponse.m in Sources */ = {isa = PBXBuildFile; fileRef = EF4EAA221EA73987008B82A3 /* EJURLResponse.m */; };
		EF4EAA261EA739C5008B82A3 /* EJAppContext.m in Sources */ = {isa = PBXBuildFile; fileRef = EF4EAA251EA739C5008B82A3 /* EJAppContext.m */; };
/* End PBXBuildFile section */

/* Begin PBXContainerItemProxy section */
		EF024A171EA0633600E97234 /* PBXContainerItemProxy */ = {
			isa = PBXContainerItemProxy;
			containerPortal = EF0249F51EA0633600E97234 /* Project object */;
			proxyType = 1;
			remoteGlobalIDString = EF0249FC1EA0633600E97234;
			remoteInfo = iOSVendors;
		};
		EF024A221EA0633600E97234 /* PBXContainerItemProxy */ = {
			isa = PBXContainerItemProxy;
			containerPortal = EF0249F51EA0633600E97234 /* Project object */;
			proxyType = 1;
			remoteGlobalIDString = EF0249FC1EA0633600E97234;
			remoteInfo = iOSVendors;
		};
/* End PBXContainerItemProxy section */

/* Begin PBXFileReference section */
		2F24FD531FAFD1CEDED64647 /* Pods-iOSVendors.debug.xcconfig */ = {isa = PBXFileReference; includeInIndex = 1; lastKnownFileType = text.xcconfig; name = "Pods-iOSVendors.debug.xcconfig"; path = "Pods/Target Support Files/Pods-iOSVendors/Pods-iOSVendors.debug.xcconfig"; sourceTree = "<group>"; };
		31303D76F4274A4181F0B3E1 /* Pods-iOSVendorsTests.release.xcconfig */ = {isa = PBXFileReference; includeInIndex = 1; lastKnownFileType = text.xcconfig; name = "Pods-iOSVendorsTests.release.xcconfig"; path = "Pods/Target Support Files/Pods-iOSVendorsTests/Pods-iOSVendorsTests.release.xcconfig"; sourceTree = "<group>"; };
		5277FF23EEB2B3BBA5F8C789 /* Pods-iOSVendorsTests.debug.xcconfig */ = {isa = PBXFileReference; includeInIndex = 1; lastKnownFileType = text.xcconfig; name = "Pods-iOSVendorsTests.debug.xcconfig"; path = "Pods/Target Support Files/Pods-iOSVendorsTests/Pods-iOSVendorsTests.debug.xcconfig"; sourceTree = "<group>"; };
		528F0F1CB26F5A564E1D7F83 /* Pods-iOSVendorsUITests.release.xcconfig */ = {isa = PBXFileReference; includeInIndex = 1; lastKnownFileType = text.xcconfig; name = "Pods-iOSVendorsUITests.release.xcconfig"; path = "Pods/Target Support Files/Pods-iOSVendorsUITests/Pods-iOSVendorsUITests.release.xcconfig"; sourceTree = "<group>"; };
		6A0B24CF1834EDFE210C7329 /* libPods-iOSVendorsTests.a */ = {isa = PBXFileReference; explicitFileType = archive.ar; includeInIndex = 0; path = "libPods-iOSVendorsTests.a"; sourceTree = BUILT_PRODUCTS_DIR; };
		6D5692180CC61BF32BCFD767 /* Pods-iOSVendorsUITests.debug.xcconfig */ = {isa = PBXFileReference; includeInIndex = 1; lastKnownFileType = text.xcconfig; name = "Pods-iOSVendorsUITests.debug.xcconfig"; path = "Pods/Target Support Files/Pods-iOSVendorsUITests/Pods-iOSVendorsUITests.debug.xcconfig"; sourceTree = "<group>"; };
		8143A44A22589F1500F1A5B9 /* EJAppDelegate+APNs.h */ = {isa = PBXFileReference; lastKnownFileType = sourcecode.c.h; path = "EJAppDelegate+APNs.h"; sourceTree = "<group>"; };
		8143A44B22589F1500F1A5B9 /* EJAppDelegate+APNs.m */ = {isa = PBXFileReference; lastKnownFileType = sourcecode.c.objc; path = "EJAppDelegate+APNs.m"; sourceTree = "<group>"; };
		8143A44D2258A7D100F1A5B9 /* EJAPIConfig.h */ = {isa = PBXFileReference; fileEncoding = 4; lastKnownFileType = sourcecode.c.h; path = EJAPIConfig.h; sourceTree = "<group>"; };
		8143A44E2258A7D100F1A5B9 /* EJAPIConfig.m */ = {isa = PBXFileReference; fileEncoding = 4; lastKnownFileType = sourcecode.c.objc; path = EJAPIConfig.m; sourceTree = "<group>"; };
		8143A4502258EEB600F1A5B9 /* EJAppDelegate+ShortcutItems.h */ = {isa = PBXFileReference; lastKnownFileType = sourcecode.c.h; path = "EJAppDelegate+ShortcutItems.h"; sourceTree = "<group>"; };
		8143A4512258EEB600F1A5B9 /* EJAppDelegate+ShortcutItems.m */ = {isa = PBXFileReference; lastKnownFileType = sourcecode.c.objc; path = "EJAppDelegate+ShortcutItems.m"; sourceTree = "<group>"; };
		8143A4532258EEDF00F1A5B9 /* EJAppDelegate+SDK.h */ = {isa = PBXFileReference; lastKnownFileType = sourcecode.c.h; path = "EJAppDelegate+SDK.h"; sourceTree = "<group>"; };
		8143A4542258EEDF00F1A5B9 /* EJAppDelegate+SDK.m */ = {isa = PBXFileReference; lastKnownFileType = sourcecode.c.objc; path = "EJAppDelegate+SDK.m"; sourceTree = "<group>"; };
		81B6596F225A30B600EFD9B2 /* UIView+Gradient.h */ = {isa = PBXFileReference; lastKnownFileType = sourcecode.c.h; path = "UIView+Gradient.h"; sourceTree = "<group>"; };
		81B65970225A30B600EFD9B2 /* UIView+Gradient.m */ = {isa = PBXFileReference; lastKnownFileType = sourcecode.c.objc; path = "UIView+Gradient.m"; sourceTree = "<group>"; };
		81B65972225A315500EFD9B2 /* UIImage+Gradient.h */ = {isa = PBXFileReference; lastKnownFileType = sourcecode.c.h; path = "UIImage+Gradient.h"; sourceTree = "<group>"; };
		81B65973225A315500EFD9B2 /* UIImage+Gradient.m */ = {isa = PBXFileReference; lastKnownFileType = sourcecode.c.objc; path = "UIImage+Gradient.m"; sourceTree = "<group>"; };
		81B65975225A323900EFD9B2 /* UIButton+ImageTitle.h */ = {isa = PBXFileReference; lastKnownFileType = sourcecode.c.h; path = "UIButton+ImageTitle.h"; sourceTree = "<group>"; };
		81B65976225A323900EFD9B2 /* UIButton+ImageTitle.m */ = {isa = PBXFileReference; lastKnownFileType = sourcecode.c.objc; path = "UIButton+ImageTitle.m"; sourceTree = "<group>"; };
		81B65978225A32F400EFD9B2 /* UIButton+ExpendBounds.h */ = {isa = PBXFileReference; lastKnownFileType = sourcecode.c.h; path = "UIButton+ExpendBounds.h"; sourceTree = "<group>"; };
		81B65979225A32F400EFD9B2 /* UIButton+ExpendBounds.m */ = {isa = PBXFileReference; lastKnownFileType = sourcecode.c.objc; path = "UIButton+ExpendBounds.m"; sourceTree = "<group>"; };
		81B6597B225A341800EFD9B2 /* NSString+Security.h */ = {isa = PBXFileReference; lastKnownFileType = sourcecode.c.h; path = "NSString+Security.h"; sourceTree = "<group>"; };
		81B6597C225A341800EFD9B2 /* NSString+Security.m */ = {isa = PBXFileReference; lastKnownFileType = sourcecode.c.objc; path = "NSString+Security.m"; sourceTree = "<group>"; };
		81B6597E225A35F800EFD9B2 /* NSTimer+Block.h */ = {isa = PBXFileReference; lastKnownFileType = sourcecode.c.h; path = "NSTimer+Block.h"; sourceTree = "<group>"; };
		81B6597F225A35F800EFD9B2 /* NSTimer+Block.m */ = {isa = PBXFileReference; lastKnownFileType = sourcecode.c.objc; path = "NSTimer+Block.m"; sourceTree = "<group>"; };
		81B65981225A365500EFD9B2 /* NSDate+Formatter.h */ = {isa = PBXFileReference; lastKnownFileType = sourcecode.c.h; path = "NSDate+Formatter.h"; sourceTree = "<group>"; };
		81B65982225A365500EFD9B2 /* NSDate+Formatter.m */ = {isa = PBXFileReference; lastKnownFileType = sourcecode.c.objc; path = "NSDate+Formatter.m"; sourceTree = "<group>"; };
		81B65984225A377A00EFD9B2 /* UIViewController+Aop.h */ = {isa = PBXFileReference; lastKnownFileType = sourcecode.c.h; path = "UIViewController+Aop.h"; sourceTree = "<group>"; };
		81B65985225A377A00EFD9B2 /* UIViewController+Aop.m */ = {isa = PBXFileReference; lastKnownFileType = sourcecode.c.objc; path = "UIViewController+Aop.m"; sourceTree = "<group>"; };
		81B65987225A389B00EFD9B2 /* NSString+Timestamp.h */ = {isa = PBXFileReference; lastKnownFileType = sourcecode.c.h; path = "NSString+Timestamp.h"; sourceTree = "<group>"; };
		81B65988225A389B00EFD9B2 /* NSString+Timestamp.m */ = {isa = PBXFileReference; lastKnownFileType = sourcecode.c.objc; path = "NSString+Timestamp.m"; sourceTree = "<group>"; };
		81B6598A225A394F00EFD9B2 /* NSString+Pinyin.h */ = {isa = PBXFileReference; lastKnownFileType = sourcecode.c.h; path = "NSString+Pinyin.h"; sourceTree = "<group>"; };
		81B6598B225A394F00EFD9B2 /* NSString+Pinyin.m */ = {isa = PBXFileReference; lastKnownFileType = sourcecode.c.objc; path = "NSString+Pinyin.m"; sourceTree = "<group>"; };
		B747ADBDA3F5916F4908ACB3 /* libPods-iOSVendors.a */ = {isa = PBXFileReference; explicitFileType = archive.ar; includeInIndex = 0; path = "libPods-iOSVendors.a"; sourceTree = BUILT_PRODUCTS_DIR; };
		BCB89124B0821E3912A57AD1 /* libPods-iOSVendorsUITests.a */ = {isa = PBXFileReference; explicitFileType = archive.ar; includeInIndex = 0; path = "libPods-iOSVendorsUITests.a"; sourceTree = BUILT_PRODUCTS_DIR; };
		EF0249FD1EA0633600E97234 /* iOSVendors.app */ = {isa = PBXFileReference; explicitFileType = wrapper.application; includeInIndex = 0; path = iOSVendors.app; sourceTree = BUILT_PRODUCTS_DIR; };
		EF024A011EA0633600E97234 /* main.m */ = {isa = PBXFileReference; lastKnownFileType = sourcecode.c.objc; path = main.m; sourceTree = "<group>"; };
		EF024A111EA0633600E97234 /* Info.plist */ = {isa = PBXFileReference; lastKnownFileType = text.plist.xml; path = Info.plist; sourceTree = "<group>"; };
		EF024A161EA0633600E97234 /* iOSVendorsTests.xctest */ = {isa = PBXFileReference; explicitFileType = wrapper.cfbundle; includeInIndex = 0; path = iOSVendorsTests.xctest; sourceTree = BUILT_PRODUCTS_DIR; };
		EF024A1A1EA0633600E97234 /* iOSVendorsTests.m */ = {isa = PBXFileReference; lastKnownFileType = sourcecode.c.objc; path = iOSVendorsTests.m; sourceTree = "<group>"; };
		EF024A1C1EA0633600E97234 /* Info.plist */ = {isa = PBXFileReference; lastKnownFileType = text.plist.xml; path = Info.plist; sourceTree = "<group>"; };
		EF024A211EA0633600E97234 /* iOSVendorsUITests.xctest */ = {isa = PBXFileReference; explicitFileType = wrapper.cfbundle; includeInIndex = 0; path = iOSVendorsUITests.xctest; sourceTree = BUILT_PRODUCTS_DIR; };
		EF024A251EA0633600E97234 /* iOSVendorsUITests.m */ = {isa = PBXFileReference; lastKnownFileType = sourcecode.c.objc; path = iOSVendorsUITests.m; sourceTree = "<group>"; };
		EF024A271EA0633600E97234 /* Info.plist */ = {isa = PBXFileReference; lastKnownFileType = text.plist.xml; path = Info.plist; sourceTree = "<group>"; };
		EF024A331EA0653300E97234 /* iOSVendors-Prefix.pch */ = {isa = PBXFileReference; lastKnownFileType = sourcecode.c.h; path = "iOSVendors-Prefix.pch"; sourceTree = "<group>"; };
		EF3021941EA0694100AB0881 /* Assets.xcassets */ = {isa = PBXFileReference; lastKnownFileType = folder.assetcatalog; path = Assets.xcassets; sourceTree = "<group>"; };
		EF3021971EA0697100AB0881 /* EJAppDelegate.h */ = {isa = PBXFileReference; fileEncoding = 4; lastKnownFileType = sourcecode.c.h; path = EJAppDelegate.h; sourceTree = "<group>"; };
		EF3021981EA0697100AB0881 /* EJAppDelegate.m */ = {isa = PBXFileReference; fileEncoding = 4; lastKnownFileType = sourcecode.c.objc; path = EJAppDelegate.m; sourceTree = "<group>"; };
		EF30219D1EA06C1B00AB0881 /* EJMacro.h */ = {isa = PBXFileReference; lastKnownFileType = sourcecode.c.h; path = EJMacro.h; sourceTree = "<group>"; };
		EF30219E1EA06C5F00AB0881 /* EJAPPConfig.h */ = {isa = PBXFileReference; lastKnownFileType = sourcecode.c.h; path = EJAPPConfig.h; sourceTree = "<group>"; };
		EF30219F1EA06C8A00AB0881 /* EJAPPConfig.m */ = {isa = PBXFileReference; fileEncoding = 4; lastKnownFileType = sourcecode.c.objc; path = EJAPPConfig.m; sourceTree = "<group>"; };
		EF3021A11EA06DC300AB0881 /* EJEnum.h */ = {isa = PBXFileReference; lastKnownFileType = sourcecode.c.h; path = EJEnum.h; sourceTree = "<group>"; };
		EF3021A21EA06DD200AB0881 /* EJEnum.m */ = {isa = PBXFileReference; fileEncoding = 4; lastKnownFileType = sourcecode.c.objc; path = EJEnum.m; sourceTree = "<group>"; };
		EF3021A51EA0715500AB0881 /* NSString+RegEx.h */ = {isa = PBXFileReference; fileEncoding = 4; lastKnownFileType = sourcecode.c.h; path = "NSString+RegEx.h"; sourceTree = "<group>"; };
		EF3021A61EA0715500AB0881 /* NSString+RegEx.m */ = {isa = PBXFileReference; fileEncoding = 4; lastKnownFileType = sourcecode.c.objc; path = "NSString+RegEx.m"; sourceTree = "<group>"; };
		EF3021AB1EA079DA00AB0881 /* UIImage+Extension.h */ = {isa = PBXFileReference; fileEncoding = 4; lastKnownFileType = sourcecode.c.h; path = "UIImage+Extension.h"; sourceTree = "<group>"; };
		EF3021AC1EA079DA00AB0881 /* UIImage+Extension.m */ = {isa = PBXFileReference; fileEncoding = 4; lastKnownFileType = sourcecode.c.objc; path = "UIImage+Extension.m"; sourceTree = "<group>"; };
		EF3021AE1EA07B7400AB0881 /* UIView+Position.h */ = {isa = PBXFileReference; fileEncoding = 4; lastKnownFileType = sourcecode.c.h; path = "UIView+Position.h"; sourceTree = "<group>"; };
		EF3021AF1EA07B7400AB0881 /* UIView+Position.m */ = {isa = PBXFileReference; fileEncoding = 4; lastKnownFileType = sourcecode.c.objc; path = "UIView+Position.m"; sourceTree = "<group>"; };
		EF3021B11EA07C2700AB0881 /* UIView+Corner.h */ = {isa = PBXFileReference; fileEncoding = 4; lastKnownFileType = sourcecode.c.h; path = "UIView+Corner.h"; sourceTree = "<group>"; };
		EF3021B21EA07C2700AB0881 /* UIView+Corner.m */ = {isa = PBXFileReference; fileEncoding = 4; lastKnownFileType = sourcecode.c.objc; path = "UIView+Corner.m"; sourceTree = "<group>"; };
		EF3021B41EA07C9A00AB0881 /* JSON.h */ = {isa = PBXFileReference; fileEncoding = 4; lastKnownFileType = sourcecode.c.h; path = JSON.h; sourceTree = "<group>"; };
		EF3021B51EA07C9A00AB0881 /* JSON.m */ = {isa = PBXFileReference; fileEncoding = 4; lastKnownFileType = sourcecode.c.objc; path = JSON.m; sourceTree = "<group>"; };
		EF3021BB1EA0928200AB0881 /* EJTabBarController.h */ = {isa = PBXFileReference; fileEncoding = 4; lastKnownFileType = sourcecode.c.h; path = EJTabBarController.h; sourceTree = "<group>"; };
		EF3021BC1EA0928200AB0881 /* EJTabBarController.m */ = {isa = PBXFileReference; fileEncoding = 4; lastKnownFileType = sourcecode.c.objc; path = EJTabBarController.m; sourceTree = "<group>"; };
		EF3021BF1EA0934400AB0881 /* EJVendorsViewController.h */ = {isa = PBXFileReference; fileEncoding = 4; lastKnownFileType = sourcecode.c.h; path = EJVendorsViewController.h; sourceTree = "<group>"; };
		EF3021C01EA0934400AB0881 /* EJVendorsViewController.m */ = {isa = PBXFileReference; fileEncoding = 4; lastKnownFileType = sourcecode.c.objc; path = EJVendorsViewController.m; sourceTree = "<group>"; };
		EF3021C21EA0991800AB0881 /* EJGuideViewController.h */ = {isa = PBXFileReference; fileEncoding = 4; lastKnownFileType = sourcecode.c.h; path = EJGuideViewController.h; sourceTree = "<group>"; };
		EF3021C31EA0991800AB0881 /* EJGuideViewController.m */ = {isa = PBXFileReference; fileEncoding = 4; lastKnownFileType = sourcecode.c.objc; path = EJGuideViewController.m; sourceTree = "<group>"; };
		EF3021C51EA0A26200AB0881 /* EJLoadingViewController.h */ = {isa = PBXFileReference; fileEncoding = 4; lastKnownFileType = sourcecode.c.h; path = EJLoadingViewController.h; sourceTree = "<group>"; };
		EF3021C61EA0A26200AB0881 /* EJLoadingViewController.m */ = {isa = PBXFileReference; fileEncoding = 4; lastKnownFileType = sourcecode.c.objc; path = EJLoadingViewController.m; sourceTree = "<group>"; };
		EF3021CA1EA0BCDD00AB0881 /* EJHint.h */ = {isa = PBXFileReference; fileEncoding = 4; lastKnownFileType = sourcecode.c.h; path = EJHint.h; sourceTree = "<group>"; };
		EF3021CB1EA0BCDD00AB0881 /* EJHint.m */ = {isa = PBXFileReference; fileEncoding = 4; lastKnownFileType = sourcecode.c.objc; path = EJHint.m; sourceTree = "<group>"; };
		EF3021CD1EA0BFB700AB0881 /* EJHUDViewController.h */ = {isa = PBXFileReference; fileEncoding = 4; lastKnownFileType = sourcecode.c.h; path = EJHUDViewController.h; sourceTree = "<group>"; };
		EF3021CE1EA0BFB700AB0881 /* EJHUDViewController.m */ = {isa = PBXFileReference; fileEncoding = 4; lastKnownFileType = sourcecode.c.objc; path = EJHUDViewController.m; sourceTree = "<group>"; };
		EF3021D21EA0C22000AB0881 /* EJPicker.h */ = {isa = PBXFileReference; fileEncoding = 4; lastKnownFileType = sourcecode.c.h; path = EJPicker.h; sourceTree = "<group>"; };
		EF3021D31EA0C22000AB0881 /* EJPicker.m */ = {isa = PBXFileReference; fileEncoding = 4; lastKnownFileType = sourcecode.c.objc; path = EJPicker.m; sourceTree = "<group>"; };
		EF3021D51EA0C2C600AB0881 /* EJDatePicker.h */ = {isa = PBXFileReference; fileEncoding = 4; lastKnownFileType = sourcecode.c.h; path = EJDatePicker.h; sourceTree = "<group>"; };
		EF3021D61EA0C2C600AB0881 /* EJDatePicker.m */ = {isa = PBXFileReference; fileEncoding = 4; lastKnownFileType = sourcecode.c.objc; path = EJDatePicker.m; sourceTree = "<group>"; };
		EF3021D81EA0C30B00AB0881 /* EJStringPicker.h */ = {isa = PBXFileReference; fileEncoding = 4; lastKnownFileType = sourcecode.c.h; path = EJStringPicker.h; sourceTree = "<group>"; };
		EF3021D91EA0C30B00AB0881 /* EJStringPicker.m */ = {isa = PBXFileReference; fileEncoding = 4; lastKnownFileType = sourcecode.c.objc; path = EJStringPicker.m; sourceTree = "<group>"; };
		EF3021DB1EA0C37D00AB0881 /* EJCityPicker.h */ = {isa = PBXFileReference; fileEncoding = 4; lastKnownFileType = sourcecode.c.h; path = EJCityPicker.h; sourceTree = "<group>"; };
		EF3021DC1EA0C37D00AB0881 /* EJCityPicker.m */ = {isa = PBXFileReference; fileEncoding = 4; lastKnownFileType = sourcecode.c.objc; path = EJCityPicker.m; sourceTree = "<group>"; };
		EF3021DE1EA0C6DA00AB0881 /* EJPopupViewController.h */ = {isa = PBXFileReference; fileEncoding = 4; lastKnownFileType = sourcecode.c.h; path = EJPopupViewController.h; sourceTree = "<group>"; };
		EF3021DF1EA0C6DA00AB0881 /* EJPopupViewController.m */ = {isa = PBXFileReference; fileEncoding = 4; lastKnownFileType = sourcecode.c.objc; path = EJPopupViewController.m; sourceTree = "<group>"; };
		EF3EA8881EA73AED00863220 /* Networking.h */ = {isa = PBXFileReference; lastKnownFileType = sourcecode.c.h; path = Networking.h; sourceTree = "<group>"; };
		EF4EAA031EA73584008B82A3 /* NSArray+EJNetworkingMethods.h */ = {isa = PBXFileReference; fileEncoding = 4; lastKnownFileType = sourcecode.c.h; path = "NSArray+EJNetworkingMethods.h"; sourceTree = "<group>"; };
		EF4EAA041EA73584008B82A3 /* NSArray+EJNetworkingMethods.m */ = {isa = PBXFileReference; fileEncoding = 4; lastKnownFileType = sourcecode.c.objc; path = "NSArray+EJNetworkingMethods.m"; sourceTree = "<group>"; };
		EF4EAA061EA735CB008B82A3 /* NSDictionary+EJNetworkingMethods.h */ = {isa = PBXFileReference; fileEncoding = 4; lastKnownFileType = sourcecode.c.h; path = "NSDictionary+EJNetworkingMethods.h"; sourceTree = "<group>"; };
		EF4EAA071EA735CB008B82A3 /* NSDictionary+EJNetworkingMethods.m */ = {isa = PBXFileReference; fileEncoding = 4; lastKnownFileType = sourcecode.c.objc; path = "NSDictionary+EJNetworkingMethods.m"; sourceTree = "<group>"; };
		EF4EAA091EA7361A008B82A3 /* NSURLRequest+EJNetworkingMethods.h */ = {isa = PBXFileReference; fileEncoding = 4; lastKnownFileType = sourcecode.c.h; path = "NSURLRequest+EJNetworkingMethods.h"; sourceTree = "<group>"; };
		EF4EAA0A1EA7361A008B82A3 /* NSURLRequest+EJNetworkingMethods.m */ = {isa = PBXFileReference; fileEncoding = 4; lastKnownFileType = sourcecode.c.objc; path = "NSURLRequest+EJNetworkingMethods.m"; sourceTree = "<group>"; };
		EF4EAA0C1EA73666008B82A3 /* EJApiProxy.h */ = {isa = PBXFileReference; fileEncoding = 4; lastKnownFileType = sourcecode.c.h; path = EJApiProxy.h; sourceTree = "<group>"; };
		EF4EAA0D1EA73666008B82A3 /* EJApiProxy.m */ = {isa = PBXFileReference; fileEncoding = 4; lastKnownFileType = sourcecode.c.objc; path = EJApiProxy.m; sourceTree = "<group>"; };
		EF4EAA121EA737EC008B82A3 /* MD5.h */ = {isa = PBXFileReference; fileEncoding = 4; lastKnownFileType = sourcecode.c.h; path = MD5.h; sourceTree = "<group>"; };
		EF4EAA131EA737EC008B82A3 /* MD5.m */ = {isa = PBXFileReference; fileEncoding = 4; lastKnownFileType = sourcecode.c.objc; path = MD5.m; sourceTree = "<group>"; };
		EF4EAA151EA73833008B82A3 /* RSA.h */ = {isa = PBXFileReference; fileEncoding = 4; lastKnownFileType = sourcecode.c.h; path = RSA.h; sourceTree = "<group>"; };
		EF4EAA161EA73833008B82A3 /* RSA.m */ = {isa = PBXFileReference; fileEncoding = 4; lastKnownFileType = sourcecode.c.objc; path = RSA.m; sourceTree = "<group>"; };
		EF4EAA181EA738A0008B82A3 /* EJBaseApiManager.h */ = {isa = PBXFileReference; fileEncoding = 4; lastKnownFileType = sourcecode.c.h; path = EJBaseApiManager.h; sourceTree = "<group>"; };
		EF4EAA191EA738A0008B82A3 /* EJBaseApiManager.m */ = {isa = PBXFileReference; fileEncoding = 4; lastKnownFileType = sourcecode.c.objc; path = EJBaseApiManager.m; sourceTree = "<group>"; };
		EF4EAA1B1EA7390C008B82A3 /* EJCache.h */ = {isa = PBXFileReference; fileEncoding = 4; lastKnownFileType = sourcecode.c.h; path = EJCache.h; sourceTree = "<group>"; };
		EF4EAA1C1EA7390C008B82A3 /* EJCache.m */ = {isa = PBXFileReference; fileEncoding = 4; lastKnownFileType = sourcecode.c.objc; path = EJCache.m; sourceTree = "<group>"; };
		EF4EAA1E1EA73954008B82A3 /* EJCacheObject.h */ = {isa = PBXFileReference; fileEncoding = 4; lastKnownFileType = sourcecode.c.h; path = EJCacheObject.h; sourceTree = "<group>"; };
		EF4EAA1F1EA73954008B82A3 /* EJCacheObject.m */ = {isa = PBXFileReference; fileEncoding = 4; lastKnownFileType = sourcecode.c.objc; path = EJCacheObject.m; sourceTree = "<group>"; };
		EF4EAA211EA73987008B82A3 /* EJURLResponse.h */ = {isa = PBXFileReference; fileEncoding = 4; lastKnownFileType = sourcecode.c.h; path = EJURLResponse.h; sourceTree = "<group>"; };
		EF4EAA221EA73987008B82A3 /* EJURLResponse.m */ = {isa = PBXFileReference; fileEncoding = 4; lastKnownFileType = sourcecode.c.objc; path = EJURLResponse.m; sourceTree = "<group>"; };
		EF4EAA241EA739C5008B82A3 /* EJAppContext.h */ = {isa = PBXFileReference; fileEncoding = 4; lastKnownFileType = sourcecode.c.h; path = EJAppContext.h; sourceTree = "<group>"; };
		EF4EAA251EA739C5008B82A3 /* EJAppContext.m */ = {isa = PBXFileReference; fileEncoding = 4; lastKnownFileType = sourcecode.c.objc; path = EJAppContext.m; sourceTree = "<group>"; };
		F8A82BEFD58CF7654C0FAAA0 /* Pods-iOSVendors.release.xcconfig */ = {isa = PBXFileReference; includeInIndex = 1; lastKnownFileType = text.xcconfig; name = "Pods-iOSVendors.release.xcconfig"; path = "Pods/Target Support Files/Pods-iOSVendors/Pods-iOSVendors.release.xcconfig"; sourceTree = "<group>"; };
/* End PBXFileReference section */

/* Begin PBXFrameworksBuildPhase section */
		EF0249FA1EA0633600E97234 /* Frameworks */ = {
			isa = PBXFrameworksBuildPhase;
			buildActionMask = 2147483647;
			files = (
				13E993EF44B579C5FD347B3A /* libPods-iOSVendors.a in Frameworks */,
			);
			runOnlyForDeploymentPostprocessing = 0;
		};
		EF024A131EA0633600E97234 /* Frameworks */ = {
			isa = PBXFrameworksBuildPhase;
			buildActionMask = 2147483647;
			files = (
				BB86764931F8CCEFCD3DE5A1 /* libPods-iOSVendorsTests.a in Frameworks */,
			);
			runOnlyForDeploymentPostprocessing = 0;
		};
		EF024A1E1EA0633600E97234 /* Frameworks */ = {
			isa = PBXFrameworksBuildPhase;
			buildActionMask = 2147483647;
			files = (
				9D19FAD61E74B66C77E2655D /* libPods-iOSVendorsUITests.a in Frameworks */,
			);
			runOnlyForDeploymentPostprocessing = 0;
		};
/* End PBXFrameworksBuildPhase section */

/* Begin PBXGroup section */
		DC7B86C00FD96F78E885D5B6 /* Pods */ = {
			isa = PBXGroup;
			children = (
				2F24FD531FAFD1CEDED64647 /* Pods-iOSVendors.debug.xcconfig */,
				F8A82BEFD58CF7654C0FAAA0 /* Pods-iOSVendors.release.xcconfig */,
				5277FF23EEB2B3BBA5F8C789 /* Pods-iOSVendorsTests.debug.xcconfig */,
				31303D76F4274A4181F0B3E1 /* Pods-iOSVendorsTests.release.xcconfig */,
				6D5692180CC61BF32BCFD767 /* Pods-iOSVendorsUITests.debug.xcconfig */,
				528F0F1CB26F5A564E1D7F83 /* Pods-iOSVendorsUITests.release.xcconfig */,
			);
			name = Pods;
			sourceTree = "<group>";
		};
		EF0249F41EA0633600E97234 = {
			isa = PBXGroup;
			children = (
				EF0249FF1EA0633600E97234 /* iOSVendors */,
				EF024A191EA0633600E97234 /* iOSVendorsTests */,
				EF024A241EA0633600E97234 /* iOSVendorsUITests */,
				EF0249FE1EA0633600E97234 /* Products */,
				DC7B86C00FD96F78E885D5B6 /* Pods */,
				F2D669E043D2625D9EB19AE4 /* Frameworks */,
			);
			sourceTree = "<group>";
		};
		EF0249FE1EA0633600E97234 /* Products */ = {
			isa = PBXGroup;
			children = (
				EF0249FD1EA0633600E97234 /* iOSVendors.app */,
				EF024A161EA0633600E97234 /* iOSVendorsTests.xctest */,
				EF024A211EA0633600E97234 /* iOSVendorsUITests.xctest */,
			);
			name = Products;
			sourceTree = "<group>";
		};
		EF0249FF1EA0633600E97234 /* iOSVendors */ = {
			isa = PBXGroup;
			children = (
				EF3021961EA0697100AB0881 /* AppDelegate */,
				EF30219A1EA06B6F00AB0881 /* Macro */,
				EF3021A41EA0706A00AB0881 /* Category */,
				EF3021C81EA0BCB200AB0881 /* Vendors */,
				EF3021B71EA0805500AB0881 /* Controller */,
				EF3021931EA0694100AB0881 /* Resource */,
				EF024A001EA0633600E97234 /* Supporting Files */,
			);
			path = iOSVendors;
			sourceTree = "<group>";
		};
		EF024A001EA0633600E97234 /* Supporting Files */ = {
			isa = PBXGroup;
			children = (
				EF024A111EA0633600E97234 /* Info.plist */,
				EF024A331EA0653300E97234 /* iOSVendors-Prefix.pch */,
				EF024A011EA0633600E97234 /* main.m */,
			);
			name = "Supporting Files";
			sourceTree = "<group>";
		};
		EF024A191EA0633600E97234 /* iOSVendorsTests */ = {
			isa = PBXGroup;
			children = (
				EF024A1A1EA0633600E97234 /* iOSVendorsTests.m */,
				EF024A1C1EA0633600E97234 /* Info.plist */,
			);
			path = iOSVendorsTests;
			sourceTree = "<group>";
		};
		EF024A241EA0633600E97234 /* iOSVendorsUITests */ = {
			isa = PBXGroup;
			children = (
				EF024A251EA0633600E97234 /* iOSVendorsUITests.m */,
				EF024A271EA0633600E97234 /* Info.plist */,
			);
			path = iOSVendorsUITests;
			sourceTree = "<group>";
		};
		EF3021931EA0694100AB0881 /* Resource */ = {
			isa = PBXGroup;
			children = (
				EF3021941EA0694100AB0881 /* Assets.xcassets */,
			);
			path = Resource;
			sourceTree = "<group>";
		};
		EF3021961EA0697100AB0881 /* AppDelegate */ = {
			isa = PBXGroup;
			children = (
				EF3021971EA0697100AB0881 /* EJAppDelegate.h */,
				EF3021981EA0697100AB0881 /* EJAppDelegate.m */,
				8143A44A22589F1500F1A5B9 /* EJAppDelegate+APNs.h */,
				8143A44B22589F1500F1A5B9 /* EJAppDelegate+APNs.m */,
				8143A4502258EEB600F1A5B9 /* EJAppDelegate+ShortcutItems.h */,
				8143A4512258EEB600F1A5B9 /* EJAppDelegate+ShortcutItems.m */,
				8143A4532258EEDF00F1A5B9 /* EJAppDelegate+SDK.h */,
				8143A4542258EEDF00F1A5B9 /* EJAppDelegate+SDK.m */,
			);
			path = AppDelegate;
			sourceTree = "<group>";
		};
		EF30219A1EA06B6F00AB0881 /* Macro */ = {
			isa = PBXGroup;
			children = (
				EF30219D1EA06C1B00AB0881 /* EJMacro.h */,
				EF30219E1EA06C5F00AB0881 /* EJAPPConfig.h */,
				EF30219F1EA06C8A00AB0881 /* EJAPPConfig.m */,
				8143A44D2258A7D100F1A5B9 /* EJAPIConfig.h */,
				8143A44E2258A7D100F1A5B9 /* EJAPIConfig.m */,
				EF3021A11EA06DC300AB0881 /* EJEnum.h */,
				EF3021A21EA06DD200AB0881 /* EJEnum.m */,
			);
			path = Macro;
			sourceTree = "<group>";
		};
		EF3021A41EA0706A00AB0881 /* Category */ = {
			isa = PBXGroup;
			children = (
				EF3021B41EA07C9A00AB0881 /* JSON.h */,
				EF3021B51EA07C9A00AB0881 /* JSON.m */,
				EF3021A51EA0715500AB0881 /* NSString+RegEx.h */,
				EF3021A61EA0715500AB0881 /* NSString+RegEx.m */,
				81B6597B225A341800EFD9B2 /* NSString+Security.h */,
				81B6597C225A341800EFD9B2 /* NSString+Security.m */,
				81B65987225A389B00EFD9B2 /* NSString+Timestamp.h */,
				81B65988225A389B00EFD9B2 /* NSString+Timestamp.m */,
				81B6598A225A394F00EFD9B2 /* NSString+Pinyin.h */,
				81B6598B225A394F00EFD9B2 /* NSString+Pinyin.m */,
				81B6597E225A35F800EFD9B2 /* NSTimer+Block.h */,
				81B6597F225A35F800EFD9B2 /* NSTimer+Block.m */,
				81B65981225A365500EFD9B2 /* NSDate+Formatter.h */,
				81B65982225A365500EFD9B2 /* NSDate+Formatter.m */,
				EF3021AB1EA079DA00AB0881 /* UIImage+Extension.h */,
				EF3021AC1EA079DA00AB0881 /* UIImage+Extension.m */,
				81B65972225A315500EFD9B2 /* UIImage+Gradient.h */,
				81B65973225A315500EFD9B2 /* UIImage+Gradient.m */,
				EF3021AE1EA07B7400AB0881 /* UIView+Position.h */,
				EF3021AF1EA07B7400AB0881 /* UIView+Position.m */,
				EF3021B11EA07C2700AB0881 /* UIView+Corner.h */,
				EF3021B21EA07C2700AB0881 /* UIView+Corner.m */,
				81B6596F225A30B600EFD9B2 /* UIView+Gradient.h */,
				81B65970225A30B600EFD9B2 /* UIView+Gradient.m */,
				81B65975225A323900EFD9B2 /* UIButton+ImageTitle.h */,
				81B65976225A323900EFD9B2 /* UIButton+ImageTitle.m */,
				81B65978225A32F400EFD9B2 /* UIButton+ExpendBounds.h */,
				81B65979225A32F400EFD9B2 /* UIButton+ExpendBounds.m */,
				81B65984225A377A00EFD9B2 /* UIViewController+Aop.h */,
				81B65985225A377A00EFD9B2 /* UIViewController+Aop.m */,
			);
			path = Category;
			sourceTree = "<group>";
		};
		EF3021B71EA0805500AB0881 /* Controller */ = {
			isa = PBXGroup;
			children = (
				EF3021B91EA0805500AB0881 /* Loading */,
				EF3021B81EA0805500AB0881 /* Guide */,
				EF3021BA1EA0805500AB0881 /* TabBar */,
				EF3021BE1EA0930900AB0881 /* Vendor */,
			);
			path = Controller;
			sourceTree = "<group>";
		};
		EF3021B81EA0805500AB0881 /* Guide */ = {
			isa = PBXGroup;
			children = (
				EF3021C21EA0991800AB0881 /* EJGuideViewController.h */,
				EF3021C31EA0991800AB0881 /* EJGuideViewController.m */,
			);
			path = Guide;
			sourceTree = "<group>";
		};
		EF3021B91EA0805500AB0881 /* Loading */ = {
			isa = PBXGroup;
			children = (
				EF3021C51EA0A26200AB0881 /* EJLoadingViewController.h */,
				EF3021C61EA0A26200AB0881 /* EJLoadingViewController.m */,
			);
			path = Loading;
			sourceTree = "<group>";
		};
		EF3021BA1EA0805500AB0881 /* TabBar */ = {
			isa = PBXGroup;
			children = (
				EF3021BB1EA0928200AB0881 /* EJTabBarController.h */,
				EF3021BC1EA0928200AB0881 /* EJTabBarController.m */,
			);
			path = TabBar;
			sourceTree = "<group>";
		};
		EF3021BE1EA0930900AB0881 /* Vendor */ = {
			isa = PBXGroup;
			children = (
				EF3021BF1EA0934400AB0881 /* EJVendorsViewController.h */,
				EF3021C01EA0934400AB0881 /* EJVendorsViewController.m */,
				EF3021CD1EA0BFB700AB0881 /* EJHUDViewController.h */,
				EF3021CE1EA0BFB700AB0881 /* EJHUDViewController.m */,
				EF3021DE1EA0C6DA00AB0881 /* EJPopupViewController.h */,
				EF3021DF1EA0C6DA00AB0881 /* EJPopupViewController.m */,
			);
			path = Vendor;
			sourceTree = "<group>";
		};
		EF3021C81EA0BCB200AB0881 /* Vendors */ = {
			isa = PBXGroup;
			children = (
				EF4EAA0F1EA737DB008B82A3 /* Security */,
				EF4EA9FA1EA73549008B82A3 /* Networking */,
				EF3021C91EA0BCB200AB0881 /* Hint */,
			);
			path = Vendors;
			sourceTree = "<group>";
		};
		EF3021C91EA0BCB200AB0881 /* Hint */ = {
			isa = PBXGroup;
			children = (
				EF3021D11EA0C1F400AB0881 /* Picker */,
				EF3021D01EA0C1F400AB0881 /* Custom */,
				EF3021CA1EA0BCDD00AB0881 /* EJHint.h */,
				EF3021CB1EA0BCDD00AB0881 /* EJHint.m */,
			);
			path = Hint;
			sourceTree = "<group>";
		};
		EF3021D01EA0C1F400AB0881 /* Custom */ = {
			isa = PBXGroup;
			children = (
			);
			path = Custom;
			sourceTree = "<group>";
		};
		EF3021D11EA0C1F400AB0881 /* Picker */ = {
			isa = PBXGroup;
			children = (
				EF3021D21EA0C22000AB0881 /* EJPicker.h */,
				EF3021D31EA0C22000AB0881 /* EJPicker.m */,
				EF3021DB1EA0C37D00AB0881 /* EJCityPicker.h */,
				EF3021DC1EA0C37D00AB0881 /* EJCityPicker.m */,
				EF3021D51EA0C2C600AB0881 /* EJDatePicker.h */,
				EF3021D61EA0C2C600AB0881 /* EJDatePicker.m */,
				EF3021D81EA0C30B00AB0881 /* EJStringPicker.h */,
				EF3021D91EA0C30B00AB0881 /* EJStringPicker.m */,
			);
			path = Picker;
			sourceTree = "<group>";
		};
		EF4EA9FA1EA73549008B82A3 /* Networking */ = {
			isa = PBXGroup;
			children = (
				EF4EA9FB1EA73549008B82A3 /* Categories */,
				EF4EA9FC1EA73549008B82A3 /* Components */,
				EF4EAA011EA73549008B82A3 /* Customs */,
				EF3EA8881EA73AED00863220 /* Networking.h */,
			);
			path = Networking;
			sourceTree = "<group>";
		};
		EF4EA9FB1EA73549008B82A3 /* Categories */ = {
			isa = PBXGroup;
			children = (
				EF4EAA031EA73584008B82A3 /* NSArray+EJNetworkingMethods.h */,
				EF4EAA041EA73584008B82A3 /* NSArray+EJNetworkingMethods.m */,
				EF4EAA061EA735CB008B82A3 /* NSDictionary+EJNetworkingMethods.h */,
				EF4EAA071EA735CB008B82A3 /* NSDictionary+EJNetworkingMethods.m */,
				EF4EAA091EA7361A008B82A3 /* NSURLRequest+EJNetworkingMethods.h */,
				EF4EAA0A1EA7361A008B82A3 /* NSURLRequest+EJNetworkingMethods.m */,
			);
			path = Categories;
			sourceTree = "<group>";
		};
		EF4EA9FC1EA73549008B82A3 /* Components */ = {
			isa = PBXGroup;
			children = (
				EF4EA9FD1EA73549008B82A3 /* APIProxy */,
				EF4EA9FE1EA73549008B82A3 /* BaseApiManager */,
				EF4EA9FF1EA73549008B82A3 /* CacheComponents */,
				EF4EAA001EA73549008B82A3 /* URLResponse */,
			);
			path = Components;
			sourceTree = "<group>";
		};
		EF4EA9FD1EA73549008B82A3 /* APIProxy */ = {
			isa = PBXGroup;
			children = (
				EF4EAA0C1EA73666008B82A3 /* EJApiProxy.h */,
				EF4EAA0D1EA73666008B82A3 /* EJApiProxy.m */,
			);
			path = APIProxy;
			sourceTree = "<group>";
		};
		EF4EA9FE1EA73549008B82A3 /* BaseApiManager */ = {
			isa = PBXGroup;
			children = (
				EF4EAA181EA738A0008B82A3 /* EJBaseApiManager.h */,
				EF4EAA191EA738A0008B82A3 /* EJBaseApiManager.m */,
			);
			path = BaseApiManager;
			sourceTree = "<group>";
		};
		EF4EA9FF1EA73549008B82A3 /* CacheComponents */ = {
			isa = PBXGroup;
			children = (
				EF4EAA1B1EA7390C008B82A3 /* EJCache.h */,
				EF4EAA1C1EA7390C008B82A3 /* EJCache.m */,
				EF4EAA1E1EA73954008B82A3 /* EJCacheObject.h */,
				EF4EAA1F1EA73954008B82A3 /* EJCacheObject.m */,
			);
			path = CacheComponents;
			sourceTree = "<group>";
		};
		EF4EAA001EA73549008B82A3 /* URLResponse */ = {
			isa = PBXGroup;
			children = (
				EF4EAA211EA73987008B82A3 /* EJURLResponse.h */,
				EF4EAA221EA73987008B82A3 /* EJURLResponse.m */,
			);
			path = URLResponse;
			sourceTree = "<group>";
		};
		EF4EAA011EA73549008B82A3 /* Customs */ = {
			isa = PBXGroup;
			children = (
				EF4EAA021EA73549008B82A3 /* AppContext */,
			);
			path = Customs;
			sourceTree = "<group>";
		};
		EF4EAA021EA73549008B82A3 /* AppContext */ = {
			isa = PBXGroup;
			children = (
				EF4EAA241EA739C5008B82A3 /* EJAppContext.h */,
				EF4EAA251EA739C5008B82A3 /* EJAppContext.m */,
			);
			path = AppContext;
			sourceTree = "<group>";
		};
		EF4EAA0F1EA737DB008B82A3 /* Security */ = {
			isa = PBXGroup;
			children = (
				EF4EAA101EA737DB008B82A3 /* MD5 */,
				EF4EAA111EA737DB008B82A3 /* RSA */,
			);
			path = Security;
			sourceTree = "<group>";
		};
		EF4EAA101EA737DB008B82A3 /* MD5 */ = {
			isa = PBXGroup;
			children = (
				EF4EAA121EA737EC008B82A3 /* MD5.h */,
				EF4EAA131EA737EC008B82A3 /* MD5.m */,
			);
			path = MD5;
			sourceTree = "<group>";
		};
		EF4EAA111EA737DB008B82A3 /* RSA */ = {
			isa = PBXGroup;
			children = (
				EF4EAA151EA73833008B82A3 /* RSA.h */,
				EF4EAA161EA73833008B82A3 /* RSA.m */,
			);
			path = RSA;
			sourceTree = "<group>";
		};
		F2D669E043D2625D9EB19AE4 /* Frameworks */ = {
			isa = PBXGroup;
			children = (
				B747ADBDA3F5916F4908ACB3 /* libPods-iOSVendors.a */,
				6A0B24CF1834EDFE210C7329 /* libPods-iOSVendorsTests.a */,
				BCB89124B0821E3912A57AD1 /* libPods-iOSVendorsUITests.a */,
			);
			name = Frameworks;
			sourceTree = "<group>";
		};
/* End PBXGroup section */

/* Begin PBXNativeTarget section */
		EF0249FC1EA0633600E97234 /* iOSVendors */ = {
			isa = PBXNativeTarget;
			buildConfigurationList = EF024A2A1EA0633600E97234 /* Build configuration list for PBXNativeTarget "iOSVendors" */;
			buildPhases = (
				59F131966C73BC77280F45CE /* [CP] Check Pods Manifest.lock */,
				EF0249F91EA0633600E97234 /* Sources */,
				EF0249FA1EA0633600E97234 /* Frameworks */,
				EF0249FB1EA0633600E97234 /* Resources */,
				7B2526FAF7DD0A380BD2E7EB /* [CP] Copy Pods Resources */,
			);
			buildRules = (
			);
			dependencies = (
			);
			name = iOSVendors;
			productName = iOSVendors;
			productReference = EF0249FD1EA0633600E97234 /* iOSVendors.app */;
			productType = "com.apple.product-type.application";
		};
		EF024A151EA0633600E97234 /* iOSVendorsTests */ = {
			isa = PBXNativeTarget;
			buildConfigurationList = EF024A2D1EA0633600E97234 /* Build configuration list for PBXNativeTarget "iOSVendorsTests" */;
			buildPhases = (
				9EC2C4D4BFC29F7025ADDCE9 /* [CP] Check Pods Manifest.lock */,
				EF024A121EA0633600E97234 /* Sources */,
				EF024A131EA0633600E97234 /* Frameworks */,
				EF024A141EA0633600E97234 /* Resources */,
			);
			buildRules = (
			);
			dependencies = (
				EF024A181EA0633600E97234 /* PBXTargetDependency */,
			);
			name = iOSVendorsTests;
			productName = iOSVendorsTests;
			productReference = EF024A161EA0633600E97234 /* iOSVendorsTests.xctest */;
			productType = "com.apple.product-type.bundle.unit-test";
		};
		EF024A201EA0633600E97234 /* iOSVendorsUITests */ = {
			isa = PBXNativeTarget;
			buildConfigurationList = EF024A301EA0633600E97234 /* Build configuration list for PBXNativeTarget "iOSVendorsUITests" */;
			buildPhases = (
				5CA02292952BAC359BF3BCBE /* [CP] Check Pods Manifest.lock */,
				EF024A1D1EA0633600E97234 /* Sources */,
				EF024A1E1EA0633600E97234 /* Frameworks */,
				EF024A1F1EA0633600E97234 /* Resources */,
			);
			buildRules = (
			);
			dependencies = (
				EF024A231EA0633600E97234 /* PBXTargetDependency */,
			);
			name = iOSVendorsUITests;
			productName = iOSVendorsUITests;
			productReference = EF024A211EA0633600E97234 /* iOSVendorsUITests.xctest */;
			productType = "com.apple.product-type.bundle.ui-testing";
		};
/* End PBXNativeTarget section */

/* Begin PBXProject section */
		EF0249F51EA0633600E97234 /* Project object */ = {
			isa = PBXProject;
			attributes = {
				CLASSPREFIX = EJ;
				LastUpgradeCheck = 1020;
				ORGANIZATIONNAME = tzqiang;
				TargetAttributes = {
					EF0249FC1EA0633600E97234 = {
						CreatedOnToolsVersion = 8.0;
						ProvisioningStyle = Manual;
					};
					EF024A151EA0633600E97234 = {
						CreatedOnToolsVersion = 8.0;
						ProvisioningStyle = Automatic;
						TestTargetID = EF0249FC1EA0633600E97234;
					};
					EF024A201EA0633600E97234 = {
						CreatedOnToolsVersion = 8.0;
						ProvisioningStyle = Automatic;
						TestTargetID = EF0249FC1EA0633600E97234;
					};
				};
			};
			buildConfigurationList = EF0249F81EA0633600E97234 /* Build configuration list for PBXProject "iOSVendors" */;
			compatibilityVersion = "Xcode 10.0";
			developmentRegion = English;
			hasScannedForEncodings = 0;
			knownRegions = (
				English,
				en,
				Base,
			);
			mainGroup = EF0249F41EA0633600E97234;
			productRefGroup = EF0249FE1EA0633600E97234 /* Products */;
			projectDirPath = "";
			projectRoot = "";
			targets = (
				EF0249FC1EA0633600E97234 /* iOSVendors */,
				EF024A151EA0633600E97234 /* iOSVendorsTests */,
				EF024A201EA0633600E97234 /* iOSVendorsUITests */,
			);
		};
/* End PBXProject section */

/* Begin PBXResourcesBuildPhase section */
		EF0249FB1EA0633600E97234 /* Resources */ = {
			isa = PBXResourcesBuildPhase;
			buildActionMask = 2147483647;
			files = (
				EF3021951EA0694100AB0881 /* Assets.xcassets in Resources */,
			);
			runOnlyForDeploymentPostprocessing = 0;
		};
		EF024A141EA0633600E97234 /* Resources */ = {
			isa = PBXResourcesBuildPhase;
			buildActionMask = 2147483647;
			files = (
			);
			runOnlyForDeploymentPostprocessing = 0;
		};
		EF024A1F1EA0633600E97234 /* Resources */ = {
			isa = PBXResourcesBuildPhase;
			buildActionMask = 2147483647;
			files = (
			);
			runOnlyForDeploymentPostprocessing = 0;
		};
/* End PBXResourcesBuildPhase section */

/* Begin PBXShellScriptBuildPhase section */
		59F131966C73BC77280F45CE /* [CP] Check Pods Manifest.lock */ = {
			isa = PBXShellScriptBuildPhase;
			buildActionMask = 2147483647;
			files = (
			);
			inputPaths = (
				"${PODS_PODFILE_DIR_PATH}/Podfile.lock",
				"${PODS_ROOT}/Manifest.lock",
			);
			name = "[CP] Check Pods Manifest.lock";
			outputPaths = (
				"$(DERIVED_FILE_DIR)/Pods-iOSVendors-checkManifestLockResult.txt",
			);
			runOnlyForDeploymentPostprocessing = 0;
			shellPath = /bin/sh;
			shellScript = "diff \"${PODS_PODFILE_DIR_PATH}/Podfile.lock\" \"${PODS_ROOT}/Manifest.lock\" > /dev/null\nif [ $? != 0 ] ; then\n    # print error to STDERR\n    echo \"error: The sandbox is not in sync with the Podfile.lock. Run 'pod install' or update your CocoaPods installation.\" >&2\n    exit 1\nfi\n# This output is used by Xcode 'outputs' to avoid re-running this script phase.\necho \"SUCCESS\" > \"${SCRIPT_OUTPUT_FILE_0}\"\n";
			showEnvVarsInLog = 0;
		};
		5CA02292952BAC359BF3BCBE /* [CP] Check Pods Manifest.lock */ = {
			isa = PBXShellScriptBuildPhase;
			buildActionMask = 2147483647;
			files = (
			);
			inputPaths = (
				"${PODS_PODFILE_DIR_PATH}/Podfile.lock",
				"${PODS_ROOT}/Manifest.lock",
			);
			name = "[CP] Check Pods Manifest.lock";
			outputPaths = (
				"$(DERIVED_FILE_DIR)/Pods-iOSVendorsUITests-checkManifestLockResult.txt",
			);
			runOnlyForDeploymentPostprocessing = 0;
			shellPath = /bin/sh;
			shellScript = "diff \"${PODS_PODFILE_DIR_PATH}/Podfile.lock\" \"${PODS_ROOT}/Manifest.lock\" > /dev/null\nif [ $? != 0 ] ; then\n    # print error to STDERR\n    echo \"error: The sandbox is not in sync with the Podfile.lock. Run 'pod install' or update your CocoaPods installation.\" >&2\n    exit 1\nfi\n# This output is used by Xcode 'outputs' to avoid re-running this script phase.\necho \"SUCCESS\" > \"${SCRIPT_OUTPUT_FILE_0}\"\n";
			showEnvVarsInLog = 0;
		};
		7B2526FAF7DD0A380BD2E7EB /* [CP] Copy Pods Resources */ = {
			isa = PBXShellScriptBuildPhase;
			buildActionMask = 2147483647;
			files = (
			);
			inputFileListPaths = (
			);
			inputPaths = (
				"${PODS_ROOT}/Target Support Files/Pods-iOSVendors/Pods-iOSVendors-resources.sh",
				"${PODS_ROOT}/IQKeyboardManager/IQKeyboardManager/Resources/IQKeyboardManager.bundle",
				"${PODS_ROOT}/MJRefresh/MJRefresh/MJRefresh.bundle",
				"${PODS_ROOT}/TZImagePickerController/TZImagePickerController/TZImagePickerController/TZImagePickerController.bundle",
			);
			name = "[CP] Copy Pods Resources";
			outputFileListPaths = (
			);
			outputPaths = (
				"${TARGET_BUILD_DIR}/${UNLOCALIZED_RESOURCES_FOLDER_PATH}/IQKeyboardManager.bundle",
				"${TARGET_BUILD_DIR}/${UNLOCALIZED_RESOURCES_FOLDER_PATH}/MJRefresh.bundle",
				"${TARGET_BUILD_DIR}/${UNLOCALIZED_RESOURCES_FOLDER_PATH}/TZImagePickerController.bundle",
			);
			runOnlyForDeploymentPostprocessing = 0;
			shellPath = /bin/sh;
			shellScript = "\"${PODS_ROOT}/Target Support Files/Pods-iOSVendors/Pods-iOSVendors-resources.sh\"\n";
			showEnvVarsInLog = 0;
		};
		9EC2C4D4BFC29F7025ADDCE9 /* [CP] Check Pods Manifest.lock */ = {
			isa = PBXShellScriptBuildPhase;
			buildActionMask = 2147483647;
			files = (
			);
			inputPaths = (
				"${PODS_PODFILE_DIR_PATH}/Podfile.lock",
				"${PODS_ROOT}/Manifest.lock",
			);
			name = "[CP] Check Pods Manifest.lock";
			outputPaths = (
				"$(DERIVED_FILE_DIR)/Pods-iOSVendorsTests-checkManifestLockResult.txt",
			);
			runOnlyForDeploymentPostprocessing = 0;
			shellPath = /bin/sh;
			shellScript = "diff \"${PODS_PODFILE_DIR_PATH}/Podfile.lock\" \"${PODS_ROOT}/Manifest.lock\" > /dev/null\nif [ $? != 0 ] ; then\n    # print error to STDERR\n    echo \"error: The sandbox is not in sync with the Podfile.lock. Run 'pod install' or update your CocoaPods installation.\" >&2\n    exit 1\nfi\n# This output is used by Xcode 'outputs' to avoid re-running this script phase.\necho \"SUCCESS\" > \"${SCRIPT_OUTPUT_FILE_0}\"\n";
			showEnvVarsInLog = 0;
		};
/* End PBXShellScriptBuildPhase section */

/* Begin PBXSourcesBuildPhase section */
		EF0249F91EA0633600E97234 /* Sources */ = {
			isa = PBXSourcesBuildPhase;
			buildActionMask = 2147483647;
			files = (
				EF3021E01EA0C6DA00AB0881 /* EJPopupViewController.m in Sources */,
				EF3021C11EA0934400AB0881 /* EJVendorsViewController.m in Sources */,
				EF4EAA051EA73584008B82A3 /* NSArray+EJNetworkingMethods.m in Sources */,
				81B65980225A35F800EFD9B2 /* NSTimer+Block.m in Sources */,
				EF024A021EA0633600E97234 /* main.m in Sources */,
				81B65986225A377A00EFD9B2 /* UIViewController+Aop.m in Sources */,
				EF3021D41EA0C22000AB0881 /* EJPicker.m in Sources */,
				EF4EAA231EA73987008B82A3 /* EJURLResponse.m in Sources */,
				EF3021B01EA07B7400AB0881 /* UIView+Position.m in Sources */,
				EF3021D71EA0C2C600AB0881 /* EJDatePicker.m in Sources */,
				81B6597A225A32F400EFD9B2 /* UIButton+ExpendBounds.m in Sources */,
				EF4EAA1D1EA7390C008B82A3 /* EJCache.m in Sources */,
				EF4EAA201EA73954008B82A3 /* EJCacheObject.m in Sources */,
				EF4EAA141EA737EC008B82A3 /* MD5.m in Sources */,
				EF4EAA171EA73833008B82A3 /* RSA.m in Sources */,
				EF3021991EA0697100AB0881 /* EJAppDelegate.m in Sources */,
				8143A44F2258A7D100F1A5B9 /* EJAPIConfig.m in Sources */,
				EF3021A71EA0715500AB0881 /* NSString+RegEx.m in Sources */,
				EF3021AD1EA079DA00AB0881 /* UIImage+Extension.m in Sources */,
				81B6597D225A341800EFD9B2 /* NSString+Security.m in Sources */,
				EF3021A01EA06C8A00AB0881 /* EJAPPConfig.m in Sources */,
				EF4EAA261EA739C5008B82A3 /* EJAppContext.m in Sources */,
				EF3021CC1EA0BCDD00AB0881 /* EJHint.m in Sources */,
				EF4EAA1A1EA738A0008B82A3 /* EJBaseApiManager.m in Sources */,
				81B65983225A365500EFD9B2 /* NSDate+Formatter.m in Sources */,
				EF3021A31EA06DD200AB0881 /* EJEnum.m in Sources */,
				EF3021B61EA07C9A00AB0881 /* JSON.m in Sources */,
				81B65971225A30B600EFD9B2 /* UIView+Gradient.m in Sources */,
				EF3021DD1EA0C37D00AB0881 /* EJCityPicker.m in Sources */,
				EF3021BD1EA0928200AB0881 /* EJTabBarController.m in Sources */,
				81B6598C225A394F00EFD9B2 /* NSString+Pinyin.m in Sources */,
				8143A44C22589F1500F1A5B9 /* EJAppDelegate+APNs.m in Sources */,
				EF4EAA081EA735CB008B82A3 /* NSDictionary+EJNetworkingMethods.m in Sources */,
				81B65989225A389B00EFD9B2 /* NSString+Timestamp.m in Sources */,
				8143A4522258EEB600F1A5B9 /* EJAppDelegate+ShortcutItems.m in Sources */,
				EF4EAA0B1EA7361A008B82A3 /* NSURLRequest+EJNetworkingMethods.m in Sources */,
				EF4EAA0E1EA73666008B82A3 /* EJApiProxy.m in Sources */,
				EF3021C41EA0991800AB0881 /* EJGuideViewController.m in Sources */,
				EF3021CF1EA0BFB700AB0881 /* EJHUDViewController.m in Sources */,
				8143A4552258EEDF00F1A5B9 /* EJAppDelegate+SDK.m in Sources */,
				EF3021DA1EA0C30B00AB0881 /* EJStringPicker.m in Sources */,
				81B65977225A323900EFD9B2 /* UIButton+ImageTitle.m in Sources */,
				EF3021B31EA07C2700AB0881 /* UIView+Corner.m in Sources */,
				81B65974225A315500EFD9B2 /* UIImage+Gradient.m in Sources */,
				EF3021C71EA0A26200AB0881 /* EJLoadingViewController.m in Sources */,
			);
			runOnlyForDeploymentPostprocessing = 0;
		};
		EF024A121EA0633600E97234 /* Sources */ = {
			isa = PBXSourcesBuildPhase;
			buildActionMask = 2147483647;
			files = (
				EF024A1B1EA0633600E97234 /* iOSVendorsTests.m in Sources */,
			);
			runOnlyForDeploymentPostprocessing = 0;
		};
		EF024A1D1EA0633600E97234 /* Sources */ = {
			isa = PBXSourcesBuildPhase;
			buildActionMask = 2147483647;
			files = (
				EF024A261EA0633600E97234 /* iOSVendorsUITests.m in Sources */,
			);
			runOnlyForDeploymentPostprocessing = 0;
		};
/* End PBXSourcesBuildPhase section */

/* Begin PBXTargetDependency section */
		EF024A181EA0633600E97234 /* PBXTargetDependency */ = {
			isa = PBXTargetDependency;
			target = EF0249FC1EA0633600E97234 /* iOSVendors */;
			targetProxy = EF024A171EA0633600E97234 /* PBXContainerItemProxy */;
		};
		EF024A231EA0633600E97234 /* PBXTargetDependency */ = {
			isa = PBXTargetDependency;
			target = EF0249FC1EA0633600E97234 /* iOSVendors */;
			targetProxy = EF024A221EA0633600E97234 /* PBXContainerItemProxy */;
		};
/* End PBXTargetDependency section */

/* Begin XCBuildConfiguration section */
		EF024A281EA0633600E97234 /* Debug */ = {
			isa = XCBuildConfiguration;
			buildSettings = {
				ALWAYS_SEARCH_USER_PATHS = NO;
				CLANG_ANALYZER_LOCALIZABILITY_NONLOCALIZED = YES;
				CLANG_ANALYZER_NONNULL = YES;
				CLANG_CXX_LANGUAGE_STANDARD = "gnu++0x";
				CLANG_CXX_LIBRARY = "libc++";
				CLANG_ENABLE_MODULES = YES;
				CLANG_ENABLE_OBJC_ARC = YES;
				CLANG_WARN_BLOCK_CAPTURE_AUTORELEASING = YES;
				CLANG_WARN_BOOL_CONVERSION = YES;
				CLANG_WARN_COMMA = YES;
				CLANG_WARN_CONSTANT_CONVERSION = YES;
				CLANG_WARN_DEPRECATED_OBJC_IMPLEMENTATIONS = YES;
				CLANG_WARN_DIRECT_OBJC_ISA_USAGE = YES_ERROR;
				CLANG_WARN_DOCUMENTATION_COMMENTS = YES;
				CLANG_WARN_EMPTY_BODY = YES;
				CLANG_WARN_ENUM_CONVERSION = YES;
				CLANG_WARN_INFINITE_RECURSION = YES;
				CLANG_WARN_INT_CONVERSION = YES;
				CLANG_WARN_NON_LITERAL_NULL_CONVERSION = YES;
				CLANG_WARN_OBJC_IMPLICIT_RETAIN_SELF = NO;
				CLANG_WARN_OBJC_LITERAL_CONVERSION = YES;
				CLANG_WARN_OBJC_ROOT_CLASS = YES_ERROR;
				CLANG_WARN_RANGE_LOOP_ANALYSIS = YES;
				CLANG_WARN_STRICT_PROTOTYPES = YES;
				CLANG_WARN_SUSPICIOUS_MOVE = YES;
				CLANG_WARN_SUSPICIOUS_MOVES = YES;
				CLANG_WARN_UNREACHABLE_CODE = YES;
				CLANG_WARN__DUPLICATE_METHOD_MATCH = YES;
				"CODE_SIGN_IDENTITY[sdk=iphoneos*]" = "iPhone Developer";
				COPY_PHASE_STRIP = NO;
				DEBUG_INFORMATION_FORMAT = dwarf;
				ENABLE_STRICT_OBJC_MSGSEND = YES;
				ENABLE_TESTABILITY = YES;
				GCC_C_LANGUAGE_STANDARD = gnu99;
				GCC_DYNAMIC_NO_PIC = NO;
				GCC_NO_COMMON_BLOCKS = YES;
				GCC_OPTIMIZATION_LEVEL = 0;
				GCC_PREPROCESSOR_DEFINITIONS = (
					"DEBUG=1",
					"$(inherited)",
				);
				GCC_WARN_64_TO_32_BIT_CONVERSION = YES;
				GCC_WARN_ABOUT_RETURN_TYPE = YES_ERROR;
				GCC_WARN_UNDECLARED_SELECTOR = YES;
				GCC_WARN_UNINITIALIZED_AUTOS = YES_AGGRESSIVE;
				GCC_WARN_UNUSED_FUNCTION = YES;
				GCC_WARN_UNUSED_VARIABLE = YES;
				IPHONEOS_DEPLOYMENT_TARGET = 8.0;
				MTL_ENABLE_DEBUG_INFO = YES;
				ONLY_ACTIVE_ARCH = YES;
				SDKROOT = iphoneos;
			};
			name = Debug;
		};
		EF024A291EA0633600E97234 /* Release */ = {
			isa = XCBuildConfiguration;
			buildSettings = {
				ALWAYS_SEARCH_USER_PATHS = NO;
				CLANG_ANALYZER_LOCALIZABILITY_NONLOCALIZED = YES;
				CLANG_ANALYZER_NONNULL = YES;
				CLANG_CXX_LANGUAGE_STANDARD = "gnu++0x";
				CLANG_CXX_LIBRARY = "libc++";
				CLANG_ENABLE_MODULES = YES;
				CLANG_ENABLE_OBJC_ARC = YES;
				CLANG_WARN_BLOCK_CAPTURE_AUTORELEASING = YES;
				CLANG_WARN_BOOL_CONVERSION = YES;
				CLANG_WARN_COMMA = YES;
				CLANG_WARN_CONSTANT_CONVERSION = YES;
				CLANG_WARN_DEPRECATED_OBJC_IMPLEMENTATIONS = YES;
				CLANG_WARN_DIRECT_OBJC_ISA_USAGE = YES_ERROR;
				CLANG_WARN_DOCUMENTATION_COMMENTS = YES;
				CLANG_WARN_EMPTY_BODY = YES;
				CLANG_WARN_ENUM_CONVERSION = YES;
				CLANG_WARN_INFINITE_RECURSION = YES;
				CLANG_WARN_INT_CONVERSION = YES;
				CLANG_WARN_NON_LITERAL_NULL_CONVERSION = YES;
				CLANG_WARN_OBJC_IMPLICIT_RETAIN_SELF = NO;
				CLANG_WARN_OBJC_LITERAL_CONVERSION = YES;
				CLANG_WARN_OBJC_ROOT_CLASS = YES_ERROR;
				CLANG_WARN_RANGE_LOOP_ANALYSIS = YES;
				CLANG_WARN_STRICT_PROTOTYPES = YES;
				CLANG_WARN_SUSPICIOUS_MOVE = YES;
				CLANG_WARN_SUSPICIOUS_MOVES = YES;
				CLANG_WARN_UNREACHABLE_CODE = YES;
				CLANG_WARN__DUPLICATE_METHOD_MATCH = YES;
				"CODE_SIGN_IDENTITY[sdk=iphoneos*]" = "iPhone Developer";
				COPY_PHASE_STRIP = NO;
				DEBUG_INFORMATION_FORMAT = "dwarf-with-dsym";
				ENABLE_NS_ASSERTIONS = NO;
				ENABLE_STRICT_OBJC_MSGSEND = YES;
				GCC_C_LANGUAGE_STANDARD = gnu99;
				GCC_NO_COMMON_BLOCKS = YES;
				GCC_WARN_64_TO_32_BIT_CONVERSION = YES;
				GCC_WARN_ABOUT_RETURN_TYPE = YES_ERROR;
				GCC_WARN_UNDECLARED_SELECTOR = YES;
				GCC_WARN_UNINITIALIZED_AUTOS = YES_AGGRESSIVE;
				GCC_WARN_UNUSED_FUNCTION = YES;
				GCC_WARN_UNUSED_VARIABLE = YES;
				IPHONEOS_DEPLOYMENT_TARGET = 8.0;
				MTL_ENABLE_DEBUG_INFO = NO;
				SDKROOT = iphoneos;
				VALIDATE_PRODUCT = YES;
			};
			name = Release;
		};
		EF024A2B1EA0633600E97234 /* Debug */ = {
			isa = XCBuildConfiguration;
			baseConfigurationReference = 2F24FD531FAFD1CEDED64647 /* Pods-iOSVendors.debug.xcconfig */;
			buildSettings = {
				ASSETCATALOG_COMPILER_APPICON_NAME = AppIcon;
				ASSETCATALOG_COMPILER_LAUNCHIMAGE_NAME = LaunchImage;
				DEVELOPMENT_TEAM = "";
				GCC_PRECOMPILE_PREFIX_HEADER = YES;
				GCC_PREFIX_HEADER = "$(SRCROOT)/iOSVendors/iOSVendors-Prefix.pch";
				INFOPLIST_FILE = iOSVendors/Info.plist;
				IPHONEOS_DEPLOYMENT_TARGET = 11.0;
				LD_RUNPATH_SEARCH_PATHS = (
					"$(inherited)",
					"@executable_path/Frameworks",
				);
				PRODUCT_BUNDLE_IDENTIFIER = "com.eternal-just.iOSVendors";
				PRODUCT_NAME = "$(TARGET_NAME)";
				TARGETED_DEVICE_FAMILY = 1;
			};
			name = Debug;
		};
		EF024A2C1EA0633600E97234 /* Release */ = {
			isa = XCBuildConfiguration;
			baseConfigurationReference = F8A82BEFD58CF7654C0FAAA0 /* Pods-iOSVendors.release.xcconfig */;
			buildSettings = {
				ASSETCATALOG_COMPILER_APPICON_NAME = AppIcon;
				ASSETCATALOG_COMPILER_LAUNCHIMAGE_NAME = LaunchImage;
				DEVELOPMENT_TEAM = "";
				GCC_PRECOMPILE_PREFIX_HEADER = YES;
				GCC_PREFIX_HEADER = "$(SRCROOT)/iOSVendors/iOSVendors-Prefix.pch";
				INFOPLIST_FILE = iOSVendors/Info.plist;
				IPHONEOS_DEPLOYMENT_TARGET = 11.0;
				LD_RUNPATH_SEARCH_PATHS = (
					"$(inherited)",
					"@executable_path/Frameworks",
				);
				PRODUCT_BUNDLE_IDENTIFIER = "com.eternal-just.iOSVendors";
				PRODUCT_NAME = "$(TARGET_NAME)";
				TARGETED_DEVICE_FAMILY = 1;
			};
			name = Release;
		};
		EF024A2E1EA0633600E97234 /* Debug */ = {
			isa = XCBuildConfiguration;
			baseConfigurationReference = 5277FF23EEB2B3BBA5F8C789 /* Pods-iOSVendorsTests.debug.xcconfig */;
			buildSettings = {
				BUNDLE_LOADER = "$(TEST_HOST)";
				INFOPLIST_FILE = iOSVendorsTests/Info.plist;
				LD_RUNPATH_SEARCH_PATHS = (
					"$(inherited)",
					"@executable_path/Frameworks",
					"@loader_path/Frameworks",
				);
				PRODUCT_BUNDLE_IDENTIFIER = "com.eternal-just.iOSVendorsTests";
				PRODUCT_NAME = "$(TARGET_NAME)";
				TEST_HOST = "$(BUILT_PRODUCTS_DIR)/iOSVendors.app/iOSVendors";
			};
			name = Debug;
		};
		EF024A2F1EA0633600E97234 /* Release */ = {
			isa = XCBuildConfiguration;
			baseConfigurationReference = 31303D76F4274A4181F0B3E1 /* Pods-iOSVendorsTests.release.xcconfig */;
			buildSettings = {
				BUNDLE_LOADER = "$(TEST_HOST)";
				INFOPLIST_FILE = iOSVendorsTests/Info.plist;
				LD_RUNPATH_SEARCH_PATHS = (
					"$(inherited)",
					"@executable_path/Frameworks",
					"@loader_path/Frameworks",
				);
				PRODUCT_BUNDLE_IDENTIFIER = "com.eternal-just.iOSVendorsTests";
				PRODUCT_NAME = "$(TARGET_NAME)";
				TEST_HOST = "$(BUILT_PRODUCTS_DIR)/iOSVendors.app/iOSVendors";
			};
			name = Release;
		};
		EF024A311EA0633600E97234 /* Debug */ = {
			isa = XCBuildConfiguration;
			baseConfigurationReference = 6D5692180CC61BF32BCFD767 /* Pods-iOSVendorsUITests.debug.xcconfig */;
			buildSettings = {
				INFOPLIST_FILE = iOSVendorsUITests/Info.plist;
				LD_RUNPATH_SEARCH_PATHS = (
					"$(inherited)",
					"@executable_path/Frameworks",
					"@loader_path/Frameworks",
				);
				PRODUCT_BUNDLE_IDENTIFIER = "com.eternal-just.iOSVendorsUITests";
				PRODUCT_NAME = "$(TARGET_NAME)";
				TEST_TARGET_NAME = iOSVendors;
			};
			name = Debug;
		};
		EF024A321EA0633600E97234 /* Release */ = {
			isa = XCBuildConfiguration;
			baseConfigurationReference = 528F0F1CB26F5A564E1D7F83 /* Pods-iOSVendorsUITests.release.xcconfig */;
			buildSettings = {
				INFOPLIST_FILE = iOSVendorsUITests/Info.plist;
				LD_RUNPATH_SEARCH_PATHS = (
					"$(inherited)",
					"@executable_path/Frameworks",
					"@loader_path/Frameworks",
				);
				PRODUCT_BUNDLE_IDENTIFIER = "com.eternal-just.iOSVendorsUITests";
				PRODUCT_NAME = "$(TARGET_NAME)";
				TEST_TARGET_NAME = iOSVendors;
			};
			name = Release;
		};
/* End XCBuildConfiguration section */

/* Begin XCConfigurationList section */
		EF0249F81EA0633600E97234 /* Build configuration list for PBXProject "iOSVendors" */ = {
			isa = XCConfigurationList;
			buildConfigurations = (
				EF024A281EA0633600E97234 /* Debug */,
				EF024A291EA0633600E97234 /* Release */,
			);
			defaultConfigurationIsVisible = 0;
			defaultConfigurationName = Release;
		};
		EF024A2A1EA0633600E97234 /* Build configuration list for PBXNativeTarget "iOSVendors" */ = {
			isa = XCConfigurationList;
			buildConfigurations = (
				EF024A2B1EA0633600E97234 /* Debug */,
				EF024A2C1EA0633600E97234 /* Release */,
			);
			defaultConfigurationIsVisible = 0;
			defaultConfigurationName = Release;
		};
		EF024A2D1EA0633600E97234 /* Build configuration list for PBXNativeTarget "iOSVendorsTests" */ = {
			isa = XCConfigurationList;
			buildConfigurations = (
				EF024A2E1EA0633600E97234 /* Debug */,
				EF024A2F1EA0633600E97234 /* Release */,
			);
			defaultConfigurationIsVisible = 0;
			defaultConfigurationName = Release;
		};
		EF024A301EA0633600E97234 /* Build configuration list for PBXNativeTarget "iOSVendorsUITests" */ = {
			isa = XCConfigurationList;
			buildConfigurations = (
				EF024A311EA0633600E97234 /* Debug */,
				EF024A321EA0633600E97234 /* Release */,
			);
			defaultConfigurationIsVisible = 0;
			defaultConfigurationName = Release;
		};
/* End XCConfigurationList section */
	};
	rootObject = EF0249F51EA0633600E97234 /* Project object */;
}
